// !$*UTF8*$!
{
	archiveVersion = 1;
	classes = {
	};
	objectVersion = 50;
	objects = {

/* Begin PBXBuildFile section */
		9CE199E021ADD9800005B899 /* AppDelegate.swift in Sources */ = {isa = PBXBuildFile; fileRef = 9CE199DF21ADD9800005B899 /* AppDelegate.swift */; };
		9CE199E221ADD9800005B899 /* ViewController.swift in Sources */ = {isa = PBXBuildFile; fileRef = 9CE199E121ADD9800005B899 /* ViewController.swift */; };
		9CE199E521ADD9800005B899 /* Main.storyboard in Resources */ = {isa = PBXBuildFile; fileRef = 9CE199E321ADD9800005B899 /* Main.storyboard */; };
		9CE199E721ADD9800005B899 /* Assets.xcassets in Resources */ = {isa = PBXBuildFile; fileRef = 9CE199E621ADD9800005B899 /* Assets.xcassets */; };
		9CE199EA21ADD9800005B899 /* LaunchScreen.storyboard in Resources */ = {isa = PBXBuildFile; fileRef = 9CE199E821ADD9800005B899 /* LaunchScreen.storyboard */; };
		9CE199F521ADD9810005B899 /* EmailComposerTests.swift in Sources */ = {isa = PBXBuildFile; fileRef = 9CE199F421ADD9810005B899 /* EmailComposerTests.swift */; };
		9CE19A0021ADD9810005B899 /* EmailComposerUITests.swift in Sources */ = {isa = PBXBuildFile; fileRef = 9CE199FF21ADD9810005B899 /* EmailComposerUITests.swift */; };
/* End PBXBuildFile section */

/* Begin PBXContainerItemProxy section */
		9CE199F121ADD9810005B899 /* PBXContainerItemProxy */ = {
			isa = PBXContainerItemProxy;
			containerPortal = 9CE199D421ADD9800005B899 /* Project object */;
			proxyType = 1;
			remoteGlobalIDString = 9CE199DB21ADD9800005B899;
			remoteInfo = EmailComposer;
		};
		9CE199FC21ADD9810005B899 /* PBXContainerItemProxy */ = {
			isa = PBXContainerItemProxy;
			containerPortal = 9CE199D421ADD9800005B899 /* Project object */;
			proxyType = 1;
			remoteGlobalIDString = 9CE199DB21ADD9800005B899;
			remoteInfo = EmailComposer;
		};
/* End PBXContainerItemProxy section */

/* Begin PBXFileReference section */
		9CE199DC21ADD9800005B899 /* EmailComposer.app */ = {isa = PBXFileReference; explicitFileType = wrapper.application; includeInIndex = 0; path = EmailComposer.app; sourceTree = BUILT_PRODUCTS_DIR; };
		9CE199DF21ADD9800005B899 /* AppDelegate.swift */ = {isa = PBXFileReference; lastKnownFileType = sourcecode.swift; path = AppDelegate.swift; sourceTree = "<group>"; };
		9CE199E121ADD9800005B899 /* ViewController.swift */ = {isa = PBXFileReference; lastKnownFileType = sourcecode.swift; path = ViewController.swift; sourceTree = "<group>"; };
		9CE199E421ADD9800005B899 /* Base */ = {isa = PBXFileReference; lastKnownFileType = file.storyboard; name = Base; path = Base.lproj/Main.storyboard; sourceTree = "<group>"; };
		9CE199E621ADD9800005B899 /* Assets.xcassets */ = {isa = PBXFileReference; lastKnownFileType = folder.assetcatalog; path = Assets.xcassets; sourceTree = "<group>"; };
		9CE199E921ADD9800005B899 /* Base */ = {isa = PBXFileReference; lastKnownFileType = file.storyboard; name = Base; path = Base.lproj/LaunchScreen.storyboard; sourceTree = "<group>"; };
		9CE199EB21ADD9810005B899 /* Info.plist */ = {isa = PBXFileReference; lastKnownFileType = text.plist.xml; path = Info.plist; sourceTree = "<group>"; };
		9CE199F021ADD9810005B899 /* EmailComposerTests.xctest */ = {isa = PBXFileReference; explicitFileType = wrapper.cfbundle; includeInIndex = 0; path = EmailComposerTests.xctest; sourceTree = BUILT_PRODUCTS_DIR; };
		9CE199F421ADD9810005B899 /* EmailComposerTests.swift */ = {isa = PBXFileReference; lastKnownFileType = sourcecode.swift; path = EmailComposerTests.swift; sourceTree = "<group>"; };
		9CE199F621ADD9810005B899 /* Info.plist */ = {isa = PBXFileReference; lastKnownFileType = text.plist.xml; path = Info.plist; sourceTree = "<group>"; };
		9CE199FB21ADD9810005B899 /* EmailComposerUITests.xctest */ = {isa = PBXFileReference; explicitFileType = wrapper.cfbundle; includeInIndex = 0; path = EmailComposerUITests.xctest; sourceTree = BUILT_PRODUCTS_DIR; };
		9CE199FF21ADD9810005B899 /* EmailComposerUITests.swift */ = {isa = PBXFileReference; lastKnownFileType = sourcecode.swift; path = EmailComposerUITests.swift; sourceTree = "<group>"; };
		9CE19A0121ADD9810005B899 /* Info.plist */ = {isa = PBXFileReference; lastKnownFileType = text.plist.xml; path = Info.plist; sourceTree = "<group>"; };
/* End PBXFileReference section */

/* Begin PBXFrameworksBuildPhase section */
		9CE199D921ADD9800005B899 /* Frameworks */ = {
			isa = PBXFrameworksBuildPhase;
			buildActionMask = 2147483647;
			files = (
			);
			runOnlyForDeploymentPostprocessing = 0;
		};
		9CE199ED21ADD9810005B899 /* Frameworks */ = {
			isa = PBXFrameworksBuildPhase;
			buildActionMask = 2147483647;
			files = (
			);
			runOnlyForDeploymentPostprocessing = 0;
		};
		9CE199F821ADD9810005B899 /* Frameworks */ = {
			isa = PBXFrameworksBuildPhase;
			buildActionMask = 2147483647;
			files = (
			);
			runOnlyForDeploymentPostprocessing = 0;
		};
/* End PBXFrameworksBuildPhase section */

/* Begin PBXGroup section */
		9CE199D321ADD9800005B899 = {
			isa = PBXGroup;
			children = (
				9CE199DE21ADD9800005B899 /* EmailComposer */,
				9CE199F321ADD9810005B899 /* EmailComposerTests */,
				9CE199FE21ADD9810005B899 /* EmailComposerUITests */,
				9CE199DD21ADD9800005B899 /* Products */,
			);
			sourceTree = "<group>";
		};
		9CE199DD21ADD9800005B899 /* Products */ = {
			isa = PBXGroup;
			children = (
				9CE199DC21ADD9800005B899 /* EmailComposer.app */,
				9CE199F021ADD9810005B899 /* EmailComposerTests.xctest */,
				9CE199FB21ADD9810005B899 /* EmailComposerUITests.xctest */,
			);
			name = Products;
			sourceTree = "<group>";
		};
		9CE199DE21ADD9800005B899 /* EmailComposer */ = {
			isa = PBXGroup;
			children = (
				9CE199DF21ADD9800005B899 /* AppDelegate.swift */,
				9CE199E121ADD9800005B899 /* ViewController.swift */,
				9CE199E321ADD9800005B899 /* Main.storyboard */,
				9CE199E621ADD9800005B899 /* Assets.xcassets */,
				9CE199E821ADD9800005B899 /* LaunchScreen.storyboard */,
				9CE199EB21ADD9810005B899 /* Info.plist */,
			);
			path = EmailComposer;
			sourceTree = "<group>";
		};
		9CE199F321ADD9810005B899 /* EmailComposerTests */ = {
			isa = PBXGroup;
			children = (
				9CE199F421ADD9810005B899 /* EmailComposerTests.swift */,
				9CE199F621ADD9810005B899 /* Info.plist */,
			);
			path = EmailComposerTests;
			sourceTree = "<group>";
		};
		9CE199FE21ADD9810005B899 /* EmailComposerUITests */ = {
			isa = PBXGroup;
			children = (
				9CE199FF21ADD9810005B899 /* EmailComposerUITests.swift */,
				9CE19A0121ADD9810005B899 /* Info.plist */,
			);
			path = EmailComposerUITests;
			sourceTree = "<group>";
		};
/* End PBXGroup section */

/* Begin PBXNativeTarget section */
		9CE199DB21ADD9800005B899 /* EmailComposer */ = {
			isa = PBXNativeTarget;
			buildConfigurationList = 9CE19A0421ADD9810005B899 /* Build configuration list for PBXNativeTarget "EmailComposer" */;
			buildPhases = (
				9CE199D821ADD9800005B899 /* Sources */,
				9CE199D921ADD9800005B899 /* Frameworks */,
				9CE199DA21ADD9800005B899 /* Resources */,
			);
			buildRules = (
			);
			dependencies = (
			);
			name = EmailComposer;
			productName = EmailComposer;
			productReference = 9CE199DC21ADD9800005B899 /* EmailComposer.app */;
			productType = "com.apple.product-type.application";
		};
		9CE199EF21ADD9810005B899 /* EmailComposerTests */ = {
			isa = PBXNativeTarget;
			buildConfigurationList = 9CE19A0721ADD9810005B899 /* Build configuration list for PBXNativeTarget "EmailComposerTests" */;
			buildPhases = (
				9CE199EC21ADD9810005B899 /* Sources */,
				9CE199ED21ADD9810005B899 /* Frameworks */,
				9CE199EE21ADD9810005B899 /* Resources */,
			);
			buildRules = (
			);
			dependencies = (
				9CE199F221ADD9810005B899 /* PBXTargetDependency */,
			);
			name = EmailComposerTests;
			productName = EmailComposerTests;
			productReference = 9CE199F021ADD9810005B899 /* EmailComposerTests.xctest */;
			productType = "com.apple.product-type.bundle.unit-test";
		};
		9CE199FA21ADD9810005B899 /* EmailComposerUITests */ = {
			isa = PBXNativeTarget;
			buildConfigurationList = 9CE19A0A21ADD9810005B899 /* Build configuration list for PBXNativeTarget "EmailComposerUITests" */;
			buildPhases = (
				9CE199F721ADD9810005B899 /* Sources */,
				9CE199F821ADD9810005B899 /* Frameworks */,
				9CE199F921ADD9810005B899 /* Resources */,
			);
			buildRules = (
			);
			dependencies = (
				9CE199FD21ADD9810005B899 /* PBXTargetDependency */,
			);
			name = EmailComposerUITests;
			productName = EmailComposerUITests;
			productReference = 9CE199FB21ADD9810005B899 /* EmailComposerUITests.xctest */;
			productType = "com.apple.product-type.bundle.ui-testing";
		};
/* End PBXNativeTarget section */

/* Begin PBXProject section */
		9CE199D421ADD9800005B899 /* Project object */ = {
			isa = PBXProject;
			attributes = {
				LastSwiftUpdateCheck = 1010;
				LastUpgradeCheck = 1010;
				ORGANIZATIONNAME = "Eric Rosas";
				TargetAttributes = {
					9CE199DB21ADD9800005B899 = {
						CreatedOnToolsVersion = 10.1;
					};
					9CE199EF21ADD9810005B899 = {
						CreatedOnToolsVersion = 10.1;
						TestTargetID = 9CE199DB21ADD9800005B899;
					};
					9CE199FA21ADD9810005B899 = {
						CreatedOnToolsVersion = 10.1;
						TestTargetID = 9CE199DB21ADD9800005B899;
					};
				};
			};
			buildConfigurationList = 9CE199D721ADD9800005B899 /* Build configuration list for PBXProject "EmailComposer" */;
			compatibilityVersion = "Xcode 9.3";
			developmentRegion = en;
			hasScannedForEncodings = 0;
			knownRegions = (
				en,
				Base,
			);
			mainGroup = 9CE199D321ADD9800005B899;
			productRefGroup = 9CE199DD21ADD9800005B899 /* Products */;
			projectDirPath = "";
			projectRoot = "";
			targets = (
				9CE199DB21ADD9800005B899 /* EmailComposer */,
				9CE199EF21ADD9810005B899 /* EmailComposerTests */,
				9CE199FA21ADD9810005B899 /* EmailComposerUITests */,
			);
		};
/* End PBXProject section */

/* Begin PBXResourcesBuildPhase section */
		9CE199DA21ADD9800005B899 /* Resources */ = {
			isa = PBXResourcesBuildPhase;
			buildActionMask = 2147483647;
			files = (
				9CE199EA21ADD9800005B899 /* LaunchScreen.storyboard in Resources */,
				9CE199E721ADD9800005B899 /* Assets.xcassets in Resources */,
				9CE199E521ADD9800005B899 /* Main.storyboard in Resources */,
			);
			runOnlyForDeploymentPostprocessing = 0;
		};
		9CE199EE21ADD9810005B899 /* Resources */ = {
			isa = PBXResourcesBuildPhase;
			buildActionMask = 2147483647;
			files = (
			);
			runOnlyForDeploymentPostprocessing = 0;
		};
		9CE199F921ADD9810005B899 /* Resources */ = {
			isa = PBXResourcesBuildPhase;
			buildActionMask = 2147483647;
			files = (
			);
			runOnlyForDeploymentPostprocessing = 0;
		};
/* End PBXResourcesBuildPhase section */

/* Begin PBXSourcesBuildPhase section */
		9CE199D821ADD9800005B899 /* Sources */ = {
			isa = PBXSourcesBuildPhase;
			buildActionMask = 2147483647;
			files = (
				9CE199E221ADD9800005B899 /* ViewController.swift in Sources */,
				9CE199E021ADD9800005B899 /* AppDelegate.swift in Sources */,
			);
			runOnlyForDeploymentPostprocessing = 0;
		};
		9CE199EC21ADD9810005B899 /* Sources */ = {
			isa = PBXSourcesBuildPhase;
			buildActionMask = 2147483647;
			files = (
				9CE199F521ADD9810005B899 /* EmailComposerTests.swift in Sources */,
			);
			runOnlyForDeploymentPostprocessing = 0;
		};
		9CE199F721ADD9810005B899 /* Sources */ = {
			isa = PBXSourcesBuildPhase;
			buildActionMask = 2147483647;
			files = (
				9CE19A0021ADD9810005B899 /* EmailComposerUITests.swift in Sources */,
			);
			runOnlyForDeploymentPostprocessing = 0;
		};
/* End PBXSourcesBuildPhase section */

/* Begin PBXTargetDependency section */
		9CE199F221ADD9810005B899 /* PBXTargetDependency */ = {
			isa = PBXTargetDependency;
			target = 9CE199DB21ADD9800005B899 /* EmailComposer */;
			targetProxy = 9CE199F121ADD9810005B899 /* PBXContainerItemProxy */;
		};
		9CE199FD21ADD9810005B899 /* PBXTargetDependency */ = {
			isa = PBXTargetDependency;
			target = 9CE199DB21ADD9800005B899 /* EmailComposer */;
			targetProxy = 9CE199FC21ADD9810005B899 /* PBXContainerItemProxy */;
		};
/* End PBXTargetDependency section */

/* Begin PBXVariantGroup section */
		9CE199E321ADD9800005B899 /* Main.storyboard */ = {
			isa = PBXVariantGroup;
			children = (
				9CE199E421ADD9800005B899 /* Base */,
			);
			name = Main.storyboard;
			sourceTree = "<group>";
		};
		9CE199E821ADD9800005B899 /* LaunchScreen.storyboard */ = {
			isa = PBXVariantGroup;
			children = (
				9CE199E921ADD9800005B899 /* Base */,
			);
			name = LaunchScreen.storyboard;
			sourceTree = "<group>";
		};
/* End PBXVariantGroup section */

/* Begin XCBuildConfiguration section */
		9CE19A0221ADD9810005B899 /* Debug */ = {
			isa = XCBuildConfiguration;
			buildSettings = {
				ALWAYS_SEARCH_USER_PATHS = NO;
				CLANG_ANALYZER_NONNULL = YES;
				CLANG_ANALYZER_NUMBER_OBJECT_CONVERSION = YES_AGGRESSIVE;
				CLANG_CXX_LANGUAGE_STANDARD = "gnu++14";
				CLANG_CXX_LIBRARY = "libc++";
				CLANG_ENABLE_MODULES = YES;
				CLANG_ENABLE_OBJC_ARC = YES;
				CLANG_ENABLE_OBJC_WEAK = YES;
				CLANG_WARN_BLOCK_CAPTURE_AUTORELEASING = YES;
				CLANG_WARN_BOOL_CONVERSION = YES;
				CLANG_WARN_COMMA = YES;
				CLANG_WARN_CONSTANT_CONVERSION = YES;
				CLANG_WARN_DEPRECATED_OBJC_IMPLEMENTATIONS = YES;
				CLANG_WARN_DIRECT_OBJC_ISA_USAGE = YES_ERROR;
				CLANG_WARN_DOCUMENTATION_COMMENTS = YES;
				CLANG_WARN_EMPTY_BODY = YES;
				CLANG_WARN_ENUM_CONVERSION = YES;
				CLANG_WARN_INFINITE_RECURSION = YES;
				CLANG_WARN_INT_CONVERSION = YES;
				CLANG_WARN_NON_LITERAL_NULL_CONVERSION = YES;
				CLANG_WARN_OBJC_IMPLICIT_RETAIN_SELF = YES;
				CLANG_WARN_OBJC_LITERAL_CONVERSION = YES;
				CLANG_WARN_OBJC_ROOT_CLASS = YES_ERROR;
				CLANG_WARN_RANGE_LOOP_ANALYSIS = YES;
				CLANG_WARN_STRICT_PROTOTYPES = YES;
				CLANG_WARN_SUSPICIOUS_MOVE = YES;
				CLANG_WARN_UNGUARDED_AVAILABILITY = YES_AGGRESSIVE;
				CLANG_WARN_UNREACHABLE_CODE = YES;
				CLANG_WARN__DUPLICATE_METHOD_MATCH = YES;
				CODE_SIGN_IDENTITY = "iPhone Developer";
				COPY_PHASE_STRIP = NO;
				DEBUG_INFORMATION_FORMAT = dwarf;
				ENABLE_STRICT_OBJC_MSGSEND = YES;
				ENABLE_TESTABILITY = YES;
				GCC_C_LANGUAGE_STANDARD = gnu11;
				GCC_DYNAMIC_NO_PIC = NO;
				GCC_NO_COMMON_BLOCKS = YES;
				GCC_OPTIMIZATION_LEVEL = 0;
				GCC_PREPROCESSOR_DEFINITIONS = (
					"DEBUG=1",
					"$(inherited)",
				);
				GCC_WARN_64_TO_32_BIT_CONVERSION = YES;
				GCC_WARN_ABOUT_RETURN_TYPE = YES_ERROR;
				GCC_WARN_UNDECLARED_SELECTOR = YES;
				GCC_WARN_UNINITIALIZED_AUTOS = YES_AGGRESSIVE;
				GCC_WARN_UNUSED_FUNCTION = YES;
				GCC_WARN_UNUSED_VARIABLE = YES;
				IPHONEOS_DEPLOYMENT_TARGET = 12.1;
				MTL_ENABLE_DEBUG_INFO = INCLUDE_SOURCE;
				MTL_FAST_MATH = YES;
				ONLY_ACTIVE_ARCH = YES;
				SDKROOT = iphoneos;
				SWIFT_ACTIVE_COMPILATION_CONDITIONS = DEBUG;
				SWIFT_OPTIMIZATION_LEVEL = "-Onone";
			};
			name = Debug;
		};
		9CE19A0321ADD9810005B899 /* Release */ = {
			isa = XCBuildConfiguration;
			buildSettings = {
				ALWAYS_SEARCH_USER_PATHS = NO;
				CLANG_ANALYZER_NONNULL = YES;
				CLANG_ANALYZER_NUMBER_OBJECT_CONVERSION = YES_AGGRESSIVE;
				CLANG_CXX_LANGUAGE_STANDARD = "gnu++14";
				CLANG_CXX_LIBRARY = "libc++";
				CLANG_ENABLE_MODULES = YES;
				CLANG_ENABLE_OBJC_ARC = YES;
				CLANG_ENABLE_OBJC_WEAK = YES;
				CLANG_WARN_BLOCK_CAPTURE_AUTORELEASING = YES;
				CLANG_WARN_BOOL_CONVERSION = YES;
				CLANG_WARN_COMMA = YES;
				CLANG_WARN_CONSTANT_CONVERSION = YES;
				CLANG_WARN_DEPRECATED_OBJC_IMPLEMENTATIONS = YES;
				CLANG_WARN_DIRECT_OBJC_ISA_USAGE = YES_ERROR;
				CLANG_WARN_DOCUMENTATION_COMMENTS = YES;
				CLANG_WARN_EMPTY_BODY = YES;
				CLANG_WARN_ENUM_CONVERSION = YES;
				CLANG_WARN_INFINITE_RECURSION = YES;
				CLANG_WARN_INT_CONVERSION = YES;
				CLANG_WARN_NON_LITERAL_NULL_CONVERSION = YES;
				CLANG_WARN_OBJC_IMPLICIT_RETAIN_SELF = YES;
				CLANG_WARN_OBJC_LITERAL_CONVERSION = YES;
				CLANG_WARN_OBJC_ROOT_CLASS = YES_ERROR;
				CLANG_WARN_RANGE_LOOP_ANALYSIS = YES;
				CLANG_WARN_STRICT_PROTOTYPES = YES;
				CLANG_WARN_SUSPICIOUS_MOVE = YES;
				CLANG_WARN_UNGUARDED_AVAILABILITY = YES_AGGRESSIVE;
				CLANG_WARN_UNREACHABLE_CODE = YES;
				CLANG_WARN__DUPLICATE_METHOD_MATCH = YES;
				CODE_SIGN_IDENTITY = "iPhone Developer";
				COPY_PHASE_STRIP = NO;
				DEBUG_INFORMATION_FORMAT = "dwarf-with-dsym";
				ENABLE_NS_ASSERTIONS = NO;
				ENABLE_STRICT_OBJC_MSGSEND = YES;
				GCC_C_LANGUAGE_STANDARD = gnu11;
				GCC_NO_COMMON_BLOCKS = YES;
				GCC_WARN_64_TO_32_BIT_CONVERSION = YES;
				GCC_WARN_ABOUT_RETURN_TYPE = YES_ERROR;
				GCC_WARN_UNDECLARED_SELECTOR = YES;
				GCC_WARN_UNINITIALIZED_AUTOS = YES_AGGRESSIVE;
				GCC_WARN_UNUSED_FUNCTION = YES;
				GCC_WARN_UNUSED_VARIABLE = YES;
				IPHONEOS_DEPLOYMENT_TARGET = 12.1;
				MTL_ENABLE_DEBUG_INFO = NO;
				MTL_FAST_MATH = YES;
				SDKROOT = iphoneos;
				SWIFT_COMPILATION_MODE = wholemodule;
				SWIFT_OPTIMIZATION_LEVEL = "-O";
				VALIDATE_PRODUCT = YES;
			};
			name = Release;
		};
		9CE19A0521ADD9810005B899 /* Debug */ = {
			isa = XCBuildConfiguration;
			buildSettings = {
				ASSETCATALOG_COMPILER_APPICON_NAME = AppIcon;
				CODE_SIGN_STYLE = Automatic;
				DEVELOPMENT_TEAM = 75AYZB7ER6;
				INFOPLIST_FILE = EmailComposer/Info.plist;
				LD_RUNPATH_SEARCH_PATHS = (
					"$(inherited)",
					"@executable_path/Frameworks",
				);
				PRODUCT_BUNDLE_IDENTIFIER = com.empireappdesignz.EmailComposer;
				PRODUCT_NAME = "$(TARGET_NAME)";
				SWIFT_VERSION = 4.2;
				TARGETED_DEVICE_FAMILY = "1,2";
			};
			name = Debug;
		};
		9CE19A0621ADD9810005B899 /* Release */ = {
			isa = XCBuildConfiguration;
			buildSettings = {
				ASSETCATALOG_COMPILER_APPICON_NAME = AppIcon;
				CODE_SIGN_STYLE = Automatic;
				DEVELOPMENT_TEAM = 75AYZB7ER6;
				INFOPLIST_FILE = EmailComposer/Info.plist;
				LD_RUNPATH_SEARCH_PATHS = (
					"$(inherited)",
					"@executable_path/Frameworks",
				);
				PRODUCT_BUNDLE_IDENTIFIER = com.empireappdesignz.EmailComposer;
				PRODUCT_NAME = "$(TARGET_NAME)";
				SWIFT_VERSION = 4.2;
				TARGETED_DEVICE_FAMILY = "1,2";
			};
			name = Release;
		};
		9CE19A0821ADD9810005B899 /* Debug */ = {
			isa = XCBuildConfiguration;
			buildSettings = {
				ALWAYS_EMBED_SWIFT_STANDARD_LIBRARIES = YES;
				BUNDLE_LOADER = "$(TEST_HOST)";
				CODE_SIGN_STYLE = Automatic;
				DEVELOPMENT_TEAM = 75AYZB7ER6;
				INFOPLIST_FILE = EmailComposerTests/Info.plist;
				LD_RUNPATH_SEARCH_PATHS = (
					"$(inherited)",
					"@executable_path/Frameworks",
					"@loader_path/Frameworks",
				);
				PRODUCT_BUNDLE_IDENTIFIER = com.empireappdesignz.EmailComposerTests;
				PRODUCT_NAME = "$(TARGET_NAME)";
				SWIFT_VERSION = 4.2;
				TARGETED_DEVICE_FAMILY = "1,2";
				TEST_HOST = "$(BUILT_PRODUCTS_DIR)/EmailComposer.app/EmailComposer";
			};
			name = Debug;
		};
		9CE19A0921ADD9810005B899 /* Release */ = {
			isa = XCBuildConfiguration;
			buildSettings = {
				ALWAYS_EMBED_SWIFT_STANDARD_LIBRARIES = YES;
				BUNDLE_LOADER = "$(TEST_HOST)";
				CODE_SIGN_STYLE = Automatic;
				DEVELOPMENT_TEAM = 75AYZB7ER6;
				INFOPLIST_FILE = EmailComposerTests/Info.plist;
				LD_RUNPATH_SEARCH_PATHS = (
					"$(inherited)",
					"@executable_path/Frameworks",
					"@loader_path/Frameworks",
				);
				PRODUCT_BUNDLE_IDENTIFIER = com.empireappdesignz.EmailComposerTests;
				PRODUCT_NAME = "$(TARGET_NAME)";
				SWIFT_VERSION = 4.2;
				TARGETED_DEVICE_FAMILY = "1,2";
				TEST_HOST = "$(BUILT_PRODUCTS_DIR)/EmailComposer.app/EmailComposer";
			};
			name = Release;
		};
		9CE19A0B21ADD9810005B899 /* Debug */ = {
			isa = XCBuildConfiguration;
			buildSettings = {
				ALWAYS_EMBED_SWIFT_STANDARD_LIBRARIES = YES;
				CODE_SIGN_STYLE = Automatic;
				DEVELOPMENT_TEAM = 75AYZB7ER6;
				INFOPLIST_FILE = EmailComposerUITests/Info.plist;
				LD_RUNPATH_SEARCH_PATHS = (
					"$(inherited)",
					"@executable_path/Frameworks",
					"@loader_path/Frameworks",
				);
				PRODUCT_BUNDLE_IDENTIFIER = com.empireappdesignz.EmailComposerUITests;
				PRODUCT_NAME = "$(TARGET_NAME)";
				SWIFT_VERSION = 4.2;
				TARGETED_DEVICE_FAMILY = "1,2";
				TEST_TARGET_NAME = EmailComposer;
			};
			name = Debug;
		};
		9CE19A0C21ADD9810005B899 /* Release */ = {
			isa = XCBuildConfiguration;
			buildSettings = {
				ALWAYS_EMBED_SWIFT_STANDARD_LIBRARIES = YES;
				CODE_SIGN_STYLE = Automatic;
				DEVELOPMENT_TEAM = 75AYZB7ER6;
				INFOPLIST_FILE = EmailComposerUITests/Info.plist;
				LD_RUNPATH_SEARCH_PATHS = (
					"$(inherited)",
					"@executable_path/Frameworks",
					"@loader_path/Frameworks",
				);
				PRODUCT_BUNDLE_IDENTIFIER = com.empireappdesignz.EmailComposerUITests;
				PRODUCT_NAME = "$(TARGET_NAME)";
				SWIFT_VERSION = 4.2;
				TARGETED_DEVICE_FAMILY = "1,2";
				TEST_TARGET_NAME = EmailComposer;
			};
			name = Release;
		};
/* End XCBuildConfiguration section */

/* Begin XCConfigurationList section */
		9CE199D721ADD9800005B899 /* Build configuration list for PBXProject "EmailComposer" */ = {
			isa = XCConfigurationList;
			buildConfigurations = (
				9CE19A0221ADD9810005B899 /* Debug */,
				9CE19A0321ADD9810005B899 /* Release */,
			);
			defaultConfigurationIsVisible = 0;
			defaultConfigurationName = Release;
		};
		9CE19A0421ADD9810005B899 /* Build configuration list for PBXNativeTarget "EmailComposer" */ = {
			isa = XCConfigurationList;
			buildConfigurations = (
				9CE19A0521ADD9810005B899 /* Debug */,
				9CE19A0621ADD9810005B899 /* Release */,
			);
			defaultConfigurationIsVisible = 0;
			defaultConfigurationName = Release;
		};
		9CE19A0721ADD9810005B899 /* Build configuration list for PBXNativeTarget "EmailComposerTests" */ = {
			isa = XCConfigurationList;
			buildConfigurations = (
				9CE19A0821ADD9810005B899 /* Debug */,
				9CE19A0921ADD9810005B899 /* Release */,
			);
			defaultConfigurationIsVisible = 0;
			defaultConfigurationName = Release;
		};
		9CE19A0A21ADD9810005B899 /* Build configuration list for PBXNativeTarget "EmailComposerUITests" */ = {
			isa = XCConfigurationList;
			buildConfigurations = (
				9CE19A0B21ADD9810005B899 /* Debug */,
				9CE19A0C21ADD9810005B899 /* Release */,
			);
			defaultConfigurationIsVisible = 0;
			defaultConfigurationName = Release;
		};
/* End XCConfigurationList section */
	};
	rootObject = 9CE199D421ADD9800005B899 /* Project object */;
}
